// !$*UTF8*$!
{
	archiveVersion = 1;
	classes = {
	};
	objectVersion = 77;
	objects = {

/* Begin PBXCopyFilesBuildPhase section */
		A62644D72CFDC3D0002AF535 /* CopyFiles */ = {
			isa = PBXCopyFilesBuildPhase;
			buildActionMask = 2147483647;
			dstPath = /usr/share/man/man1/;
			dstSubfolderSpec = 0;
			files = (
			);
			runOnlyForDeploymentPostprocessing = 1;
		};
		A633686B2D03895200805957 /* CopyFiles */ = {
			isa = PBXCopyFilesBuildPhase;
			buildActionMask = 2147483647;
			dstPath = /usr/share/man/man1/;
			dstSubfolderSpec = 0;
			files = (
			);
			runOnlyForDeploymentPostprocessing = 1;
		};
		A640BC222D05D590007E62E0 /* CopyFiles */ = {
			isa = PBXCopyFilesBuildPhase;
			buildActionMask = 2147483647;
			dstPath = /usr/share/man/man1/;
			dstSubfolderSpec = 0;
			files = (
			);
			runOnlyForDeploymentPostprocessing = 1;
		};
		A6756BD72D01BA310073ABD1 /* CopyFiles */ = {
			isa = PBXCopyFilesBuildPhase;
			buildActionMask = 2147483647;
			dstPath = /usr/share/man/man1/;
			dstSubfolderSpec = 0;
			files = (
			);
			runOnlyForDeploymentPostprocessing = 1;
		};
		A6A31CFC2D00809E005971CA /* CopyFiles */ = {
			isa = PBXCopyFilesBuildPhase;
			buildActionMask = 2147483647;
			dstPath = /usr/share/man/man1/;
			dstSubfolderSpec = 0;
			files = (
			);
			runOnlyForDeploymentPostprocessing = 1;
		};
		A6CAD1752CFC799700C35F59 /* CopyFiles */ = {
			isa = PBXCopyFilesBuildPhase;
			buildActionMask = 2147483647;
			dstPath = /usr/share/man/man1/;
			dstSubfolderSpec = 0;
			files = (
			);
			runOnlyForDeploymentPostprocessing = 1;
		};
		A6D430D52D0A101000E7000E /* CopyFiles */ = {
			isa = PBXCopyFilesBuildPhase;
			buildActionMask = 2147483647;
			dstPath = /usr/share/man/man1/;
			dstSubfolderSpec = 0;
			files = (
			);
			runOnlyForDeploymentPostprocessing = 1;
		};
		A6D558D72CFF8FB100ABF4EF /* CopyFiles */ = {
			isa = PBXCopyFilesBuildPhase;
			buildActionMask = 2147483647;
			dstPath = /usr/share/man/man1/;
			dstSubfolderSpec = 0;
			files = (
			);
			runOnlyForDeploymentPostprocessing = 1;
		};
		A6F04F462D05BC0400C780C3 /* CopyFiles */ = {
			isa = PBXCopyFilesBuildPhase;
			buildActionMask = 2147483647;
			dstPath = /usr/share/man/man1/;
			dstSubfolderSpec = 0;
			files = (
			);
			runOnlyForDeploymentPostprocessing = 1;
		};
/* End PBXCopyFilesBuildPhase section */

/* Begin PBXFileReference section */
		A62644D92CFDC3D0002AF535 /* Day 2 */ = {isa = PBXFileReference; explicitFileType = "compiled.mach-o.executable"; includeInIndex = 0; path = "Day 2"; sourceTree = BUILT_PRODUCTS_DIR; };
		A633686D2D03895200805957 /* Day6 */ = {isa = PBXFileReference; explicitFileType = "compiled.mach-o.executable"; includeInIndex = 0; path = Day6; sourceTree = BUILT_PRODUCTS_DIR; };
		A640BC242D05D590007E62E0 /* Day8 */ = {isa = PBXFileReference; explicitFileType = "compiled.mach-o.executable"; includeInIndex = 0; path = Day8; sourceTree = BUILT_PRODUCTS_DIR; };
		A6756BD92D01BA310073ABD1 /* Day5 */ = {isa = PBXFileReference; explicitFileType = "compiled.mach-o.executable"; includeInIndex = 0; path = Day5; sourceTree = BUILT_PRODUCTS_DIR; };
		A6A31CFE2D00809E005971CA /* Day4 */ = {isa = PBXFileReference; explicitFileType = "compiled.mach-o.executable"; includeInIndex = 0; path = Day4; sourceTree = BUILT_PRODUCTS_DIR; };
		A6CAD1772CFC799700C35F59 /* Day1 */ = {isa = PBXFileReference; explicitFileType = "compiled.mach-o.executable"; includeInIndex = 0; path = Day1; sourceTree = BUILT_PRODUCTS_DIR; };
		A6D430D72D0A101000E7000E /* Day9 */ = {isa = PBXFileReference; explicitFileType = "compiled.mach-o.executable"; includeInIndex = 0; path = Day9; sourceTree = BUILT_PRODUCTS_DIR; };
		A6D558D92CFF8FB100ABF4EF /* Day3 */ = {isa = PBXFileReference; explicitFileType = "compiled.mach-o.executable"; includeInIndex = 0; path = Day3; sourceTree = BUILT_PRODUCTS_DIR; };
		A6F04F482D05BC0400C780C3 /* Day7 */ = {isa = PBXFileReference; explicitFileType = "compiled.mach-o.executable"; includeInIndex = 0; path = Day7; sourceTree = BUILT_PRODUCTS_DIR; };
/* End PBXFileReference section */

/* Begin PBXFileSystemSynchronizedRootGroup section */
		A62644DA2CFDC3D0002AF535 /* Day 2 */ = {
			isa = PBXFileSystemSynchronizedRootGroup;
			path = "Day 2";
			sourceTree = "<group>";
		};
		A633686E2D03895200805957 /* Day6 */ = {
			isa = PBXFileSystemSynchronizedRootGroup;
			path = Day6;
			sourceTree = "<group>";
		};
		A640BC252D05D590007E62E0 /* Day8 */ = {
			isa = PBXFileSystemSynchronizedRootGroup;
			path = Day8;
			sourceTree = "<group>";
		};
		A6756BDA2D01BA310073ABD1 /* Day5 */ = {
			isa = PBXFileSystemSynchronizedRootGroup;
			path = Day5;
			sourceTree = "<group>";
		};
		A6A31CFF2D00809E005971CA /* Day4 */ = {
			isa = PBXFileSystemSynchronizedRootGroup;
			path = Day4;
			sourceTree = "<group>";
		};
		A6CAD1782CFC799700C35F59 /* Day1 */ = {
			isa = PBXFileSystemSynchronizedRootGroup;
			path = Day1;
			sourceTree = "<group>";
		};
		A6D430D82D0A101000E7000E /* Day9 */ = {
			isa = PBXFileSystemSynchronizedRootGroup;
			path = Day9;
			sourceTree = "<group>";
		};
		A6D558DA2CFF8FB100ABF4EF /* Day3 */ = {
			isa = PBXFileSystemSynchronizedRootGroup;
			path = Day3;
			sourceTree = "<group>";
		};
		A6F04F492D05BC0400C780C3 /* Day7 */ = {
			isa = PBXFileSystemSynchronizedRootGroup;
			path = Day7;
			sourceTree = "<group>";
		};
/* End PBXFileSystemSynchronizedRootGroup section */

/* Begin PBXFrameworksBuildPhase section */
		A62644D62CFDC3D0002AF535 /* Frameworks */ = {
			isa = PBXFrameworksBuildPhase;
			buildActionMask = 2147483647;
			files = (
			);
			runOnlyForDeploymentPostprocessing = 0;
		};
		A633686A2D03895200805957 /* Frameworks */ = {
			isa = PBXFrameworksBuildPhase;
			buildActionMask = 2147483647;
			files = (
			);
			runOnlyForDeploymentPostprocessing = 0;
		};
		A640BC212D05D590007E62E0 /* Frameworks */ = {
			isa = PBXFrameworksBuildPhase;
			buildActionMask = 2147483647;
			files = (
			);
			runOnlyForDeploymentPostprocessing = 0;
		};
		A6756BD62D01BA310073ABD1 /* Frameworks */ = {
			isa = PBXFrameworksBuildPhase;
			buildActionMask = 2147483647;
			files = (
			);
			runOnlyForDeploymentPostprocessing = 0;
		};
		A6A31CFB2D00809E005971CA /* Frameworks */ = {
			isa = PBXFrameworksBuildPhase;
			buildActionMask = 2147483647;
			files = (
			);
			runOnlyForDeploymentPostprocessing = 0;
		};
		A6CAD1742CFC799700C35F59 /* Frameworks */ = {
			isa = PBXFrameworksBuildPhase;
			buildActionMask = 2147483647;
			files = (
			);
			runOnlyForDeploymentPostprocessing = 0;
		};
		A6D430D42D0A101000E7000E /* Frameworks */ = {
			isa = PBXFrameworksBuildPhase;
			buildActionMask = 2147483647;
			files = (
			);
			runOnlyForDeploymentPostprocessing = 0;
		};
		A6D558D62CFF8FB100ABF4EF /* Frameworks */ = {
			isa = PBXFrameworksBuildPhase;
			buildActionMask = 2147483647;
			files = (
			);
			runOnlyForDeploymentPostprocessing = 0;
		};
		A6F04F452D05BC0400C780C3 /* Frameworks */ = {
			isa = PBXFrameworksBuildPhase;
			buildActionMask = 2147483647;
			files = (
			);
			runOnlyForDeploymentPostprocessing = 0;
		};
/* End PBXFrameworksBuildPhase section */

/* Begin PBXGroup section */
		A6CAD1602CFC798300C35F59 = {
			isa = PBXGroup;
			children = (
				A6CAD1782CFC799700C35F59 /* Day1 */,
				A62644DA2CFDC3D0002AF535 /* Day 2 */,
				A6D558DA2CFF8FB100ABF4EF /* Day3 */,
				A6A31CFF2D00809E005971CA /* Day4 */,
				A6756BDA2D01BA310073ABD1 /* Day5 */,
				A633686E2D03895200805957 /* Day6 */,
				A6F04F492D05BC0400C780C3 /* Day7 */,
				A640BC252D05D590007E62E0 /* Day8 */,
				A6D430D82D0A101000E7000E /* Day9 */,
				A6CAD16A2CFC798300C35F59 /* Products */,
			);
			sourceTree = "<group>";
		};
		A6CAD16A2CFC798300C35F59 /* Products */ = {
			isa = PBXGroup;
			children = (
				A6CAD1772CFC799700C35F59 /* Day1 */,
				A62644D92CFDC3D0002AF535 /* Day 2 */,
				A6D558D92CFF8FB100ABF4EF /* Day3 */,
				A6A31CFE2D00809E005971CA /* Day4 */,
				A6756BD92D01BA310073ABD1 /* Day5 */,
				A633686D2D03895200805957 /* Day6 */,
				A6F04F482D05BC0400C780C3 /* Day7 */,
				A640BC242D05D590007E62E0 /* Day8 */,
				A6D430D72D0A101000E7000E /* Day9 */,
			);
			name = Products;
			sourceTree = "<group>";
		};
/* End PBXGroup section */

/* Begin PBXNativeTarget section */
		A62644D82CFDC3D0002AF535 /* Day 2 */ = {
			isa = PBXNativeTarget;
			buildConfigurationList = A62644DD2CFDC3D0002AF535 /* Build configuration list for PBXNativeTarget "Day 2" */;
			buildPhases = (
				A62644D52CFDC3D0002AF535 /* Sources */,
				A62644D62CFDC3D0002AF535 /* Frameworks */,
				A62644D72CFDC3D0002AF535 /* CopyFiles */,
			);
			buildRules = (
			);
			dependencies = (
			);
			fileSystemSynchronizedGroups = (
				A62644DA2CFDC3D0002AF535 /* Day 2 */,
			);
			name = "Day 2";
			packageProductDependencies = (
			);
			productName = "Day 2";
			productReference = A62644D92CFDC3D0002AF535 /* Day 2 */;
			productType = "com.apple.product-type.tool";
		};
		A633686C2D03895200805957 /* Day6 */ = {
			isa = PBXNativeTarget;
			buildConfigurationList = A63368732D03895200805957 /* Build configuration list for PBXNativeTarget "Day6" */;
			buildPhases = (
				A63368692D03895200805957 /* Sources */,
				A633686A2D03895200805957 /* Frameworks */,
				A633686B2D03895200805957 /* CopyFiles */,
			);
			buildRules = (
			);
			dependencies = (
			);
			fileSystemSynchronizedGroups = (
				A633686E2D03895200805957 /* Day6 */,
			);
			name = Day6;
			packageProductDependencies = (
			);
			productName = Day6;
			productReference = A633686D2D03895200805957 /* Day6 */;
			productType = "com.apple.product-type.tool";
		};
		A640BC232D05D590007E62E0 /* Day8 */ = {
			isa = PBXNativeTarget;
			buildConfigurationList = A640BC282D05D590007E62E0 /* Build configuration list for PBXNativeTarget "Day8" */;
			buildPhases = (
				A640BC202D05D590007E62E0 /* Sources */,
				A640BC212D05D590007E62E0 /* Frameworks */,
				A640BC222D05D590007E62E0 /* CopyFiles */,
			);
			buildRules = (
			);
			dependencies = (
			);
			fileSystemSynchronizedGroups = (
				A640BC252D05D590007E62E0 /* Day8 */,
			);
			name = Day8;
			packageProductDependencies = (
			);
			productName = Day8;
			productReference = A640BC242D05D590007E62E0 /* Day8 */;
			productType = "com.apple.product-type.tool";
		};
		A6756BD82D01BA310073ABD1 /* Day5 */ = {
			isa = PBXNativeTarget;
			buildConfigurationList = A6756BDF2D01BA310073ABD1 /* Build configuration list for PBXNativeTarget "Day5" */;
			buildPhases = (
				A6756BD52D01BA310073ABD1 /* Sources */,
				A6756BD62D01BA310073ABD1 /* Frameworks */,
				A6756BD72D01BA310073ABD1 /* CopyFiles */,
			);
			buildRules = (
			);
			dependencies = (
			);
			fileSystemSynchronizedGroups = (
				A6756BDA2D01BA310073ABD1 /* Day5 */,
			);
			name = Day5;
			packageProductDependencies = (
			);
			productName = Day5;
			productReference = A6756BD92D01BA310073ABD1 /* Day5 */;
			productType = "com.apple.product-type.tool";
		};
		A6A31CFD2D00809E005971CA /* Day4 */ = {
			isa = PBXNativeTarget;
			buildConfigurationList = A6A31D042D00809E005971CA /* Build configuration list for PBXNativeTarget "Day4" */;
			buildPhases = (
				A6A31CFA2D00809E005971CA /* Sources */,
				A6A31CFB2D00809E005971CA /* Frameworks */,
				A6A31CFC2D00809E005971CA /* CopyFiles */,
			);
			buildRules = (
			);
			dependencies = (
			);
			fileSystemSynchronizedGroups = (
				A6A31CFF2D00809E005971CA /* Day4 */,
			);
			name = Day4;
			packageProductDependencies = (
			);
			productName = Day4;
			productReference = A6A31CFE2D00809E005971CA /* Day4 */;
			productType = "com.apple.product-type.tool";
		};
		A6CAD1762CFC799700C35F59 /* Day1 */ = {
			isa = PBXNativeTarget;
			buildConfigurationList = A6CAD17B2CFC799700C35F59 /* Build configuration list for PBXNativeTarget "Day1" */;
			buildPhases = (
				A6CAD1732CFC799700C35F59 /* Sources */,
				A6CAD1742CFC799700C35F59 /* Frameworks */,
				A6CAD1752CFC799700C35F59 /* CopyFiles */,
			);
			buildRules = (
			);
			dependencies = (
			);
			fileSystemSynchronizedGroups = (
				A6CAD1782CFC799700C35F59 /* Day1 */,
			);
			name = Day1;
			packageProductDependencies = (
			);
			productName = Day1;
			productReference = A6CAD1772CFC799700C35F59 /* Day1 */;
			productType = "com.apple.product-type.tool";
		};
		A6D430D62D0A101000E7000E /* Day9 */ = {
			isa = PBXNativeTarget;
			buildConfigurationList = A6D430DD2D0A101000E7000E /* Build configuration list for PBXNativeTarget "Day9" */;
			buildPhases = (
				A6D430D32D0A101000E7000E /* Sources */,
				A6D430D42D0A101000E7000E /* Frameworks */,
				A6D430D52D0A101000E7000E /* CopyFiles */,
			);
			buildRules = (
			);
			dependencies = (
			);
			fileSystemSynchronizedGroups = (
				A6D430D82D0A101000E7000E /* Day9 */,
			);
			name = Day9;
			packageProductDependencies = (
			);
			productName = Day9;
			productReference = A6D430D72D0A101000E7000E /* Day9 */;
			productType = "com.apple.product-type.tool";
		};
		A6D558D82CFF8FB100ABF4EF /* Day3 */ = {
			isa = PBXNativeTarget;
			buildConfigurationList = A6D558DF2CFF8FB100ABF4EF /* Build configuration list for PBXNativeTarget "Day3" */;
			buildPhases = (
				A6D558D52CFF8FB100ABF4EF /* Sources */,
				A6D558D62CFF8FB100ABF4EF /* Frameworks */,
				A6D558D72CFF8FB100ABF4EF /* CopyFiles */,
			);
			buildRules = (
			);
			dependencies = (
			);
			fileSystemSynchronizedGroups = (
				A6D558DA2CFF8FB100ABF4EF /* Day3 */,
			);
			name = Day3;
			packageProductDependencies = (
			);
			productName = Day3;
			productReference = A6D558D92CFF8FB100ABF4EF /* Day3 */;
			productType = "com.apple.product-type.tool";
		};
		A6F04F472D05BC0400C780C3 /* Day7 */ = {
			isa = PBXNativeTarget;
			buildConfigurationList = A6F04F4E2D05BC0400C780C3 /* Build configuration list for PBXNativeTarget "Day7" */;
			buildPhases = (
				A6F04F442D05BC0400C780C3 /* Sources */,
				A6F04F452D05BC0400C780C3 /* Frameworks */,
				A6F04F462D05BC0400C780C3 /* CopyFiles */,
			);
			buildRules = (
			);
			dependencies = (
			);
			fileSystemSynchronizedGroups = (
				A6F04F492D05BC0400C780C3 /* Day7 */,
			);
			name = Day7;
			packageProductDependencies = (
			);
			productName = Day7;
			productReference = A6F04F482D05BC0400C780C3 /* Day7 */;
			productType = "com.apple.product-type.tool";
		};
/* End PBXNativeTarget section */

/* Begin PBXProject section */
		A6CAD1612CFC798300C35F59 /* Project object */ = {
			isa = PBXProject;
			attributes = {
				BuildIndependentTargetsInParallel = 1;
				LastSwiftUpdateCheck = 1610;
				LastUpgradeCheck = 1610;
				TargetAttributes = {
					A62644D82CFDC3D0002AF535 = {
						CreatedOnToolsVersion = 16.1;
					};
					A633686C2D03895200805957 = {
						CreatedOnToolsVersion = 16.1;
					};
					A640BC232D05D590007E62E0 = {
						CreatedOnToolsVersion = 16.1;
					};
					A6756BD82D01BA310073ABD1 = {
						CreatedOnToolsVersion = 16.1;
					};
					A6A31CFD2D00809E005971CA = {
						CreatedOnToolsVersion = 16.1;
					};
					A6CAD1762CFC799700C35F59 = {
						CreatedOnToolsVersion = 16.1;
					};
					A6D430D62D0A101000E7000E = {
						CreatedOnToolsVersion = 16.1;
					};
					A6D558D82CFF8FB100ABF4EF = {
						CreatedOnToolsVersion = 16.1;
					};
					A6F04F472D05BC0400C780C3 = {
						CreatedOnToolsVersion = 16.1;
					};
				};
			};
			buildConfigurationList = A6CAD1642CFC798300C35F59 /* Build configuration list for PBXProject "AOC2024" */;
			developmentRegion = en;
			hasScannedForEncodings = 0;
			knownRegions = (
				en,
				Base,
			);
			mainGroup = A6CAD1602CFC798300C35F59;
			minimizedProjectReferenceProxies = 1;
			preferredProjectObjectVersion = 77;
			productRefGroup = A6CAD16A2CFC798300C35F59 /* Products */;
			projectDirPath = "";
			projectRoot = "";
			targets = (
				A6CAD1762CFC799700C35F59 /* Day1 */,
				A62644D82CFDC3D0002AF535 /* Day 2 */,
				A6D558D82CFF8FB100ABF4EF /* Day3 */,
				A6A31CFD2D00809E005971CA /* Day4 */,
				A6756BD82D01BA310073ABD1 /* Day5 */,
				A633686C2D03895200805957 /* Day6 */,
				A6F04F472D05BC0400C780C3 /* Day7 */,
				A640BC232D05D590007E62E0 /* Day8 */,
				A6D430D62D0A101000E7000E /* Day9 */,
			);
		};
/* End PBXProject section */

/* Begin PBXSourcesBuildPhase section */
		A62644D52CFDC3D0002AF535 /* Sources */ = {
			isa = PBXSourcesBuildPhase;
			buildActionMask = 2147483647;
			files = (
			);
			runOnlyForDeploymentPostprocessing = 0;
		};
		A63368692D03895200805957 /* Sources */ = {
			isa = PBXSourcesBuildPhase;
			buildActionMask = 2147483647;
			files = (
			);
			runOnlyForDeploymentPostprocessing = 0;
		};
		A640BC202D05D590007E62E0 /* Sources */ = {
			isa = PBXSourcesBuildPhase;
			buildActionMask = 2147483647;
			files = (
			);
			runOnlyForDeploymentPostprocessing = 0;
		};
		A6756BD52D01BA310073ABD1 /* Sources */ = {
			isa = PBXSourcesBuildPhase;
			buildActionMask = 2147483647;
			files = (
			);
			runOnlyForDeploymentPostprocessing = 0;
		};
		A6A31CFA2D00809E005971CA /* Sources */ = {
			isa = PBXSourcesBuildPhase;
			buildActionMask = 2147483647;
			files = (
			);
			runOnlyForDeploymentPostprocessing = 0;
		};
		A6CAD1732CFC799700C35F59 /* Sources */ = {
			isa = PBXSourcesBuildPhase;
			buildActionMask = 2147483647;
			files = (
			);
			runOnlyForDeploymentPostprocessing = 0;
		};
		A6D430D32D0A101000E7000E /* Sources */ = {
			isa = PBXSourcesBuildPhase;
			buildActionMask = 2147483647;
			files = (
			);
			runOnlyForDeploymentPostprocessing = 0;
		};
		A6D558D52CFF8FB100ABF4EF /* Sources */ = {
			isa = PBXSourcesBuildPhase;
			buildActionMask = 2147483647;
			files = (
			);
			runOnlyForDeploymentPostprocessing = 0;
		};
		A6F04F442D05BC0400C780C3 /* Sources */ = {
			isa = PBXSourcesBuildPhase;
			buildActionMask = 2147483647;
			files = (
			);
			runOnlyForDeploymentPostprocessing = 0;
		};
/* End PBXSourcesBuildPhase section */

/* Begin XCBuildConfiguration section */
		A62644DE2CFDC3D0002AF535 /* Debug */ = {
			isa = XCBuildConfiguration;
			buildSettings = {
				CODE_SIGN_STYLE = Automatic;
				DEVELOPMENT_TEAM = 68YWPYV749;
				ENABLE_HARDENED_RUNTIME = YES;
				PRODUCT_NAME = "$(TARGET_NAME)";
				SWIFT_VERSION = 5.0;
			};
			name = Debug;
		};
		A62644DF2CFDC3D0002AF535 /* Release */ = {
			isa = XCBuildConfiguration;
			buildSettings = {
				CODE_SIGN_STYLE = Automatic;
				DEVELOPMENT_TEAM = 68YWPYV749;
				ENABLE_HARDENED_RUNTIME = YES;
				PRODUCT_NAME = "$(TARGET_NAME)";
				SWIFT_VERSION = 5.0;
			};
			name = Release;
		};
		A63368712D03895200805957 /* Debug */ = {
			isa = XCBuildConfiguration;
			buildSettings = {
				CODE_SIGN_STYLE = Automatic;
				DEVELOPMENT_TEAM = 68YWPYV749;
				ENABLE_HARDENED_RUNTIME = YES;
				PRODUCT_NAME = "$(TARGET_NAME)";
				SWIFT_VERSION = 5.0;
			};
			name = Debug;
		};
		A63368722D03895200805957 /* Release */ = {
			isa = XCBuildConfiguration;
			buildSettings = {
				CODE_SIGN_STYLE = Automatic;
				DEVELOPMENT_TEAM = 68YWPYV749;
				ENABLE_HARDENED_RUNTIME = YES;
				PRODUCT_NAME = "$(TARGET_NAME)";
				SWIFT_VERSION = 5.0;
			};
			name = Release;
		};
		A640BC292D05D590007E62E0 /* Debug */ = {
			isa = XCBuildConfiguration;
			buildSettings = {
				CODE_SIGN_STYLE = Automatic;
				DEVELOPMENT_TEAM = 68YWPYV749;
				ENABLE_HARDENED_RUNTIME = YES;
				PRODUCT_NAME = "$(TARGET_NAME)";
				SWIFT_VERSION = 5.0;
			};
			name = Debug;
		};
		A640BC2A2D05D590007E62E0 /* Release */ = {
			isa = XCBuildConfiguration;
			buildSettings = {
				CODE_SIGN_STYLE = Automatic;
				DEVELOPMENT_TEAM = 68YWPYV749;
				ENABLE_HARDENED_RUNTIME = YES;
				PRODUCT_NAME = "$(TARGET_NAME)";
				SWIFT_VERSION = 5.0;
			};
			name = Release;
		};
		A6756BDD2D01BA310073ABD1 /* Debug */ = {
			isa = XCBuildConfiguration;
			buildSettings = {
				CODE_SIGN_STYLE = Automatic;
				DEVELOPMENT_TEAM = 68YWPYV749;
				ENABLE_HARDENED_RUNTIME = YES;
				PRODUCT_NAME = "$(TARGET_NAME)";
				SWIFT_VERSION = 5.0;
			};
			name = Debug;
		};
		A6756BDE2D01BA310073ABD1 /* Release */ = {
			isa = XCBuildConfiguration;
			buildSettings = {
				CODE_SIGN_STYLE = Automatic;
				DEVELOPMENT_TEAM = 68YWPYV749;
				ENABLE_HARDENED_RUNTIME = YES;
				PRODUCT_NAME = "$(TARGET_NAME)";
				SWIFT_VERSION = 5.0;
			};
			name = Release;
		};
		A6A31D022D00809E005971CA /* Debug */ = {
			isa = XCBuildConfiguration;
			buildSettings = {
				CODE_SIGN_STYLE = Automatic;
				DEVELOPMENT_TEAM = 68YWPYV749;
				ENABLE_HARDENED_RUNTIME = YES;
				PRODUCT_NAME = "$(TARGET_NAME)";
				SWIFT_VERSION = 5.0;
			};
			name = Debug;
		};
		A6A31D032D00809E005971CA /* Release */ = {
			isa = XCBuildConfiguration;
			buildSettings = {
				CODE_SIGN_STYLE = Automatic;
				DEVELOPMENT_TEAM = 68YWPYV749;
				ENABLE_HARDENED_RUNTIME = YES;
				PRODUCT_NAME = "$(TARGET_NAME)";
				SWIFT_VERSION = 5.0;
			};
			name = Release;
		};
		A6CAD16E2CFC798300C35F59 /* Debug */ = {
			isa = XCBuildConfiguration;
			buildSettings = {
				ALWAYS_SEARCH_USER_PATHS = NO;
				ASSETCATALOG_COMPILER_GENERATE_SWIFT_ASSET_SYMBOL_EXTENSIONS = YES;
				CLANG_ANALYZER_NONNULL = YES;
				CLANG_ANALYZER_NUMBER_OBJECT_CONVERSION = YES_AGGRESSIVE;
				CLANG_CXX_LANGUAGE_STANDARD = "gnu++20";
				CLANG_ENABLE_MODULES = YES;
				CLANG_ENABLE_OBJC_ARC = YES;
				CLANG_ENABLE_OBJC_WEAK = YES;
				CLANG_WARN_BLOCK_CAPTURE_AUTORELEASING = YES;
				CLANG_WARN_BOOL_CONVERSION = YES;
				CLANG_WARN_COMMA = YES;
				CLANG_WARN_CONSTANT_CONVERSION = YES;
				CLANG_WARN_DEPRECATED_OBJC_IMPLEMENTATIONS = YES;
				CLANG_WARN_DIRECT_OBJC_ISA_USAGE = YES_ERROR;
				CLANG_WARN_DOCUMENTATION_COMMENTS = YES;
				CLANG_WARN_EMPTY_BODY = YES;
				CLANG_WARN_ENUM_CONVERSION = YES;
				CLANG_WARN_INFINITE_RECURSION = YES;
				CLANG_WARN_INT_CONVERSION = YES;
				CLANG_WARN_NON_LITERAL_NULL_CONVERSION = YES;
				CLANG_WARN_OBJC_IMPLICIT_RETAIN_SELF = YES;
				CLANG_WARN_OBJC_LITERAL_CONVERSION = YES;
				CLANG_WARN_OBJC_ROOT_CLASS = YES_ERROR;
				CLANG_WARN_QUOTED_INCLUDE_IN_FRAMEWORK_HEADER = YES;
				CLANG_WARN_RANGE_LOOP_ANALYSIS = YES;
				CLANG_WARN_STRICT_PROTOTYPES = YES;
				CLANG_WARN_SUSPICIOUS_MOVE = YES;
				CLANG_WARN_UNGUARDED_AVAILABILITY = YES_AGGRESSIVE;
				CLANG_WARN_UNREACHABLE_CODE = YES;
				CLANG_WARN__DUPLICATE_METHOD_MATCH = YES;
				COPY_PHASE_STRIP = NO;
				DEBUG_INFORMATION_FORMAT = dwarf;
				ENABLE_STRICT_OBJC_MSGSEND = YES;
				ENABLE_TESTABILITY = YES;
				ENABLE_USER_SCRIPT_SANDBOXING = YES;
				GCC_C_LANGUAGE_STANDARD = gnu17;
				GCC_DYNAMIC_NO_PIC = NO;
				GCC_NO_COMMON_BLOCKS = YES;
				GCC_OPTIMIZATION_LEVEL = 0;
				GCC_PREPROCESSOR_DEFINITIONS = (
					"DEBUG=1",
					"$(inherited)",
				);
				GCC_WARN_64_TO_32_BIT_CONVERSION = YES;
				GCC_WARN_ABOUT_RETURN_TYPE = YES_ERROR;
				GCC_WARN_UNDECLARED_SELECTOR = YES;
				GCC_WARN_UNINITIALIZED_AUTOS = YES_AGGRESSIVE;
				GCC_WARN_UNUSED_FUNCTION = YES;
				GCC_WARN_UNUSED_VARIABLE = YES;
				LOCALIZATION_PREFERS_STRING_CATALOGS = YES;
				MACOSX_DEPLOYMENT_TARGET = 15.1;
				MTL_ENABLE_DEBUG_INFO = INCLUDE_SOURCE;
				MTL_FAST_MATH = YES;
				ONLY_ACTIVE_ARCH = YES;
				SDKROOT = macosx;
				SWIFT_ACTIVE_COMPILATION_CONDITIONS = "DEBUG $(inherited)";
				SWIFT_OPTIMIZATION_LEVEL = "-Onone";
			};
			name = Debug;
		};
		A6CAD16F2CFC798300C35F59 /* Release */ = {
			isa = XCBuildConfiguration;
			buildSettings = {
				ALWAYS_SEARCH_USER_PATHS = NO;
				ASSETCATALOG_COMPILER_GENERATE_SWIFT_ASSET_SYMBOL_EXTENSIONS = YES;
				CLANG_ANALYZER_NONNULL = YES;
				CLANG_ANALYZER_NUMBER_OBJECT_CONVERSION = YES_AGGRESSIVE;
				CLANG_CXX_LANGUAGE_STANDARD = "gnu++20";
				CLANG_ENABLE_MODULES = YES;
				CLANG_ENABLE_OBJC_ARC = YES;
				CLANG_ENABLE_OBJC_WEAK = YES;
				CLANG_WARN_BLOCK_CAPTURE_AUTORELEASING = YES;
				CLANG_WARN_BOOL_CONVERSION = YES;
				CLANG_WARN_COMMA = YES;
				CLANG_WARN_CONSTANT_CONVERSION = YES;
				CLANG_WARN_DEPRECATED_OBJC_IMPLEMENTATIONS = YES;
				CLANG_WARN_DIRECT_OBJC_ISA_USAGE = YES_ERROR;
				CLANG_WARN_DOCUMENTATION_COMMENTS = YES;
				CLANG_WARN_EMPTY_BODY = YES;
				CLANG_WARN_ENUM_CONVERSION = YES;
				CLANG_WARN_INFINITE_RECURSION = YES;
				CLANG_WARN_INT_CONVERSION = YES;
				CLANG_WARN_NON_LITERAL_NULL_CONVERSION = YES;
				CLANG_WARN_OBJC_IMPLICIT_RETAIN_SELF = YES;
				CLANG_WARN_OBJC_LITERAL_CONVERSION = YES;
				CLANG_WARN_OBJC_ROOT_CLASS = YES_ERROR;
				CLANG_WARN_QUOTED_INCLUDE_IN_FRAMEWORK_HEADER = YES;
				CLANG_WARN_RANGE_LOOP_ANALYSIS = YES;
				CLANG_WARN_STRICT_PROTOTYPES = YES;
				CLANG_WARN_SUSPICIOUS_MOVE = YES;
				CLANG_WARN_UNGUARDED_AVAILABILITY = YES_AGGRESSIVE;
				CLANG_WARN_UNREACHABLE_CODE = YES;
				CLANG_WARN__DUPLICATE_METHOD_MATCH = YES;
				COPY_PHASE_STRIP = NO;
				DEBUG_INFORMATION_FORMAT = "dwarf-with-dsym";
				ENABLE_NS_ASSERTIONS = NO;
				ENABLE_STRICT_OBJC_MSGSEND = YES;
				ENABLE_USER_SCRIPT_SANDBOXING = YES;
				GCC_C_LANGUAGE_STANDARD = gnu17;
				GCC_NO_COMMON_BLOCKS = YES;
				GCC_WARN_64_TO_32_BIT_CONVERSION = YES;
				GCC_WARN_ABOUT_RETURN_TYPE = YES_ERROR;
				GCC_WARN_UNDECLARED_SELECTOR = YES;
				GCC_WARN_UNINITIALIZED_AUTOS = YES_AGGRESSIVE;
				GCC_WARN_UNUSED_FUNCTION = YES;
				GCC_WARN_UNUSED_VARIABLE = YES;
				LOCALIZATION_PREFERS_STRING_CATALOGS = YES;
				MACOSX_DEPLOYMENT_TARGET = 15.1;
				MTL_ENABLE_DEBUG_INFO = NO;
				MTL_FAST_MATH = YES;
				SDKROOT = macosx;
				SWIFT_COMPILATION_MODE = wholemodule;
			};
			name = Release;
		};
		A6CAD17C2CFC799700C35F59 /* Debug */ = {
			isa = XCBuildConfiguration;
			buildSettings = {
				CODE_SIGN_STYLE = Automatic;
				DEVELOPMENT_TEAM = 68YWPYV749;
				ENABLE_HARDENED_RUNTIME = YES;
				PRODUCT_NAME = "$(TARGET_NAME)";
				SWIFT_VERSION = 5.0;
			};
			name = Debug;
		};
		A6CAD17D2CFC799700C35F59 /* Release */ = {
			isa = XCBuildConfiguration;
			buildSettings = {
				CODE_SIGN_STYLE = Automatic;
				DEVELOPMENT_TEAM = 68YWPYV749;
				ENABLE_HARDENED_RUNTIME = YES;
				PRODUCT_NAME = "$(TARGET_NAME)";
				SWIFT_VERSION = 5.0;
			};
			name = Release;
		};
		A6D430DB2D0A101000E7000E /* Debug */ = {
			isa = XCBuildConfiguration;
			buildSettings = {
				CODE_SIGN_STYLE = Automatic;
				DEVELOPMENT_TEAM = 68YWPYV749;
				ENABLE_HARDENED_RUNTIME = YES;
				PRODUCT_NAME = "$(TARGET_NAME)";
				SWIFT_VERSION = 5.0;
			};
			name = Debug;
		};
		A6D430DC2D0A101000E7000E /* Release */ = {
			isa = XCBuildConfiguration;
			buildSettings = {
				CODE_SIGN_STYLE = Automatic;
				DEVELOPMENT_TEAM = 68YWPYV749;
				ENABLE_HARDENED_RUNTIME = YES;
				PRODUCT_NAME = "$(TARGET_NAME)";
				SWIFT_VERSION = 5.0;
			};
			name = Release;
		};
		A6D558DD2CFF8FB100ABF4EF /* Debug */ = {
			isa = XCBuildConfiguration;
			buildSettings = {
				CODE_SIGN_STYLE = Automatic;
				DEVELOPMENT_TEAM = 68YWPYV749;
				ENABLE_HARDENED_RUNTIME = YES;
				PRODUCT_NAME = "$(TARGET_NAME)";
				SWIFT_VERSION = 5.0;
			};
			name = Debug;
		};
		A6D558DE2CFF8FB100ABF4EF /* Release */ = {
			isa = XCBuildConfiguration;
			buildSettings = {
				CODE_SIGN_STYLE = Automatic;
				DEVELOPMENT_TEAM = 68YWPYV749;
				ENABLE_HARDENED_RUNTIME = YES;
				PRODUCT_NAME = "$(TARGET_NAME)";
				SWIFT_VERSION = 5.0;
			};
			name = Release;
		};
		A6F04F4C2D05BC0400C780C3 /* Debug */ = {
			isa = XCBuildConfiguration;
			buildSettings = {
				CODE_SIGN_STYLE = Automatic;
				DEVELOPMENT_TEAM = 68YWPYV749;
				ENABLE_HARDENED_RUNTIME = YES;
				PRODUCT_NAME = "$(TARGET_NAME)";
				SWIFT_VERSION = 5.0;
			};
			name = Debug;
		};
		A6F04F4D2D05BC0400C780C3 /* Release */ = {
			isa = XCBuildConfiguration;
			buildSettings = {
				CODE_SIGN_STYLE = Automatic;
				DEVELOPMENT_TEAM = 68YWPYV749;
				ENABLE_HARDENED_RUNTIME = YES;
				PRODUCT_NAME = "$(TARGET_NAME)";
				SWIFT_VERSION = 5.0;
			};
			name = Release;
		};
/* End XCBuildConfiguration section */

/* Begin XCConfigurationList section */
		A62644DD2CFDC3D0002AF535 /* Build configuration list for PBXNativeTarget "Day 2" */ = {
			isa = XCConfigurationList;
			buildConfigurations = (
				A62644DE2CFDC3D0002AF535 /* Debug */,
				A62644DF2CFDC3D0002AF535 /* Release */,
			);
			defaultConfigurationIsVisible = 0;
			defaultConfigurationName = Release;
		};
		A63368732D03895200805957 /* Build configuration list for PBXNativeTarget "Day6" */ = {
			isa = XCConfigurationList;
			buildConfigurations = (
				A63368712D03895200805957 /* Debug */,
				A63368722D03895200805957 /* Release */,
			);
			defaultConfigurationIsVisible = 0;
			defaultConfigurationName = Release;
		};
		A640BC282D05D590007E62E0 /* Build configuration list for PBXNativeTarget "Day8" */ = {
			isa = XCConfigurationList;
			buildConfigurations = (
				A640BC292D05D590007E62E0 /* Debug */,
				A640BC2A2D05D590007E62E0 /* Release */,
			);
			defaultConfigurationIsVisible = 0;
			defaultConfigurationName = Release;
		};
		A6756BDF2D01BA310073ABD1 /* Build configuration list for PBXNativeTarget "Day5" */ = {
			isa = XCConfigurationList;
			buildConfigurations = (
				A6756BDD2D01BA310073ABD1 /* Debug */,
				A6756BDE2D01BA310073ABD1 /* Release */,
			);
			defaultConfigurationIsVisible = 0;
			defaultConfigurationName = Release;
		};
		A6A31D042D00809E005971CA /* Build configuration list for PBXNativeTarget "Day4" */ = {
			isa = XCConfigurationList;
			buildConfigurations = (
				A6A31D022D00809E005971CA /* Debug */,
				A6A31D032D00809E005971CA /* Release */,
			);
			defaultConfigurationIsVisible = 0;
			defaultConfigurationName = Release;
		};
		A6CAD1642CFC798300C35F59 /* Build configuration list for PBXProject "AOC2024" */ = {
			isa = XCConfigurationList;
			buildConfigurations = (
				A6CAD16E2CFC798300C35F59 /* Debug */,
				A6CAD16F2CFC798300C35F59 /* Release */,
			);
			defaultConfigurationIsVisible = 0;
			defaultConfigurationName = Release;
		};
		A6CAD17B2CFC799700C35F59 /* Build configuration list for PBXNativeTarget "Day1" */ = {
			isa = XCConfigurationList;
			buildConfigurations = (
				A6CAD17C2CFC799700C35F59 /* Debug */,
				A6CAD17D2CFC799700C35F59 /* Release */,
			);
			defaultConfigurationIsVisible = 0;
			defaultConfigurationName = Release;
		};
		A6D430DD2D0A101000E7000E /* Build configuration list for PBXNativeTarget "Day9" */ = {
			isa = XCConfigurationList;
			buildConfigurations = (
				A6D430DB2D0A101000E7000E /* Debug */,
				A6D430DC2D0A101000E7000E /* Release */,
			);
			defaultConfigurationIsVisible = 0;
			defaultConfigurationName = Release;
		};
		A6D558DF2CFF8FB100ABF4EF /* Build configuration list for PBXNativeTarget "Day3" */ = {
			isa = XCConfigurationList;
			buildConfigurations = (
				A6D558DD2CFF8FB100ABF4EF /* Debug */,
				A6D558DE2CFF8FB100ABF4EF /* Release */,
			);
			defaultConfigurationIsVisible = 0;
			defaultConfigurationName = Release;
		};
		A6F04F4E2D05BC0400C780C3 /* Build configuration list for PBXNativeTarget "Day7" */ = {
			isa = XCConfigurationList;
			buildConfigurations = (
				A6F04F4C2D05BC0400C780C3 /* Debug */,
				A6F04F4D2D05BC0400C780C3 /* Release */,
			);
			defaultConfigurationIsVisible = 0;
			defaultConfigurationName = Release;
		};
/* End XCConfigurationList section */
	};
	rootObject = A6CAD1612CFC798300C35F59 /* Project object */;
}
